PODS:
  - Charts (3.4.0):
    - Charts/Core (= 3.4.0)
  - Charts/Core (3.4.0)
  - ChartsRealm (3.4.0):
    - Charts (~> 3.4.0)
    - RealmSwift (~> 3.18.0)
  - DZNEmptyDataSet (1.8.1)
  - EasyTipView (2.0.4)
  - FSCalendar (2.8.1)
  - Realm (3.18.0):
    - Realm/Headers (= 3.18.0)
  - Realm/Headers (3.18.0)
  - RealmSwift (3.18.0):
    - Realm (= 3.18.0)
  - SnapKit (5.0.1)

DEPENDENCIES:
  - Charts
  - ChartsRealm
  - DZNEmptyDataSet
  - EasyTipView
  - FSCalendar
  - RealmSwift
  - SnapKit

SPEC REPOS:
  trunk:
    - Charts
    - ChartsRealm
    - DZNEmptyDataSet
    - EasyTipView
    - FSCalendar
    - Realm
    - RealmSwift
    - SnapKit

SPEC CHECKSUMS:
  Charts: 74c9f256eaf0460c0c416522d1cf8c634ea6b286
  ChartsRealm: 2ae8bf478211a94b3b6dd20738db0b9b132eb66b
  DZNEmptyDataSet: 9525833b9e68ac21c30253e1d3d7076cc828eaa7
  EasyTipView: 4f8beae0a82db2ca4a9b5fd658785fc5f61d296b
  FSCalendar: 5245140456fcbcac5824c203b98bd8068bdfee1a
  Realm: 7b3d04740facf45e958a514b466a32b04f1113d6
  RealmSwift: c817b5f374668cf08f649afb05f55d92a787649c
  SnapKit: 97b92857e3df3a0c71833cce143274bf6ef8e5eb

PODFILE CHECKSUM: 54f7474dbc9f7c37d6c6bb6081ae2e76e9cfed6f

COCOAPODS: 1.8.4
